<Solution>
  <Folder Name="/src/" />
  <Folder Name="/src/ApiGateways/">
    <Project Path="src/ApiGateways/Gateway.Yarp/Gateway.Yarp.csproj" />
  </Folder>
  <Folder Name="/src/BuildingBlocks/">
    <Project Path="src/BuildingBlocks/BuildingBlocks.Messaging/BuildingBlocks.Messaging.csproj" />
    <Project Path="src/BuildingBlocks/BuildingBlocks.Common/BuildingBlocks.Common.csproj" />
  </Folder>
  <Folder Name="/src/Services/" />
  <Folder Name="/src/Services/Catalog/">
    <Project Path="src/Services/Catalog/Catalog.API/Catalog.API.csproj" />
    <Project Path="src/Services/Catalog/Catalog.Application/Catalog.Application.csproj" />
    <Project Path="src/Services/Catalog/Catalog.Infrastructure/Catalog.Infrastructure.csproj" />
    <Project Path="src/Services/Catalog/Catalog.Domain/Catalog.Domain.csproj" />
  </Folder>
  <Folder Name="/src/Services/Enrollment/">
    <Project Path="src/Services/Enrollment/Enrollment.API/Enrollment.API.csproj" />
    <Project Path="src/Services/Enrollment/Enrollment.Application/Enrollment.Application.csproj" />
    <Project Path="src/Services/Enrollment/Enrollment.Infrastructure/Enrollment.Infrastructure.csproj" />
    <Project Path="src/Services/Enrollment/Enrollment.Domain/Enrollment.Domain.csproj" />
  </Folder>
  <Folder Name="/src/Services/Identity/">
    <Project Path="src/Services/Identity/Identity.API/Identity.API.csproj" />
    <Project Path="src/Services/Identity/Identity.Application/Identity.Application.csproj" />
    <Project Path="src/Services/Identity/Identity.Domain/Identity.Domain.csproj" />
    <Project Path="src/Services/Identity/Identity.Infrastructure/Identity.Infrastructure.csproj" />
  </Folder>
  <Folder Name="/src/Services/Notification/">
    <Project Path="src/Services/Notification/Notification.Worker/Notification.Worker.csproj" />
  </Folder>
  <Folder Name="/tests/">
    <Project Path="tests/Identity.Tests/Identity.Tests.csproj" />
    <Project Path="tests/Catalog.Tests/Catalog.Tests.csproj" />
    <Project Path="tests/Enrollment.Tests/Enrollment.Tests.csproj" />
  </Folder>
</Solution>
